
Microsoft Visual Studio Solution File, Format Version 12.00
# Visual Studio Version 17
VisualStudioVersion = 17.4.33205.214
MinimumVisualStudioVersion = 10.0.40219.1
Project("{2150E333-8FDC-42A3-9474-1A3956D46DE8}") = "Solution Items", "Solution Items", "{7C4979AC-3217-4D0E-82AA-31B93259CFDF}"
	ProjectSection(SolutionItems) = preProject
		.editorconfig = .editorconfig
		README.md = README.md
	EndProjectSection
EndProject
Project("{9A19103F-16F7-4668-BE54-9A1E7A4F7556}") = "LockPDFy", "LockPDFy\LockPDFy.csproj", "{4DECF491-B24E-4535-BBDB-4817F8617ECE}"
EndProject
Project("{9A19103F-16F7-4668-BE54-9A1E7A4F7556}") = "LockPDFyWinforms", "LockPDFyWinforms\LockPDFyWinforms.csproj", "{F722B7B3-0999-49FF-A1ED-03FF842AE9DF}"
EndProject
Project("{C7167F0D-BC9F-4E6E-AFE1-012C56B48DB5}") = "LockPDFyMSIX", "LockPDFyMSIX\LockPDFyMSIX.wapproj", "{D46CD51D-FD5F-41DD-A0BA-541D2BD1196B}"
EndProject
Project("{9A19103F-16F7-4668-BE54-9A1E7A4F7556}") = "LockPDFyTests", "LockPDFyTests\LockPDFyTests.csproj", "{08F84E99-4F12-4259-A75F-CF2B5D222C90}"
EndProject
Global
	GlobalSection(SolutionConfigurationPlatforms) = preSolution
		Debug|Any CPU = Debug|Any CPU
		Debug|ARM = Debug|ARM
		Debug|ARM64 = Debug|ARM64
		Debug|x64 = Debug|x64
		Debug|x86 = Debug|x86
		Release|Any CPU = Release|Any CPU
		Release|ARM = Release|ARM
		Release|ARM64 = Release|ARM64
		Release|x64 = Release|x64
		Release|x86 = Release|x86
	EndGlobalSection
	GlobalSection(ProjectConfigurationPlatforms) = postSolution
		{4DECF491-B24E-4535-BBDB-4817F8617ECE}.Debug|Any CPU.ActiveCfg = Debug|Any CPU
		{4DECF491-B24E-4535-BBDB-4817F8617ECE}.Debug|Any CPU.Build.0 = Debug|Any CPU
		{4DECF491-B24E-4535-BBDB-4817F8617ECE}.Debug|ARM.ActiveCfg = Debug|Any CPU
		{4DECF491-B24E-4535-BBDB-4817F8617ECE}.Debug|ARM.Build.0 = Debug|Any CPU
		{4DECF491-B24E-4535-BBDB-4817F8617ECE}.Debug|ARM64.ActiveCfg = Debug|Any CPU
		{4DECF491-B24E-4535-BBDB-4817F8617ECE}.Debug|ARM64.Build.0 = Debug|Any CPU
		{4DECF491-B24E-4535-BBDB-4817F8617ECE}.Debug|x64.ActiveCfg = Debug|Any CPU
		{4DECF491-B24E-4535-BBDB-4817F8617ECE}.Debug|x64.Build.0 = Debug|Any CPU
		{4DECF491-B24E-4535-BBDB-4817F8617ECE}.Debug|x86.ActiveCfg = Debug|Any CPU
		{4DECF491-B24E-4535-BBDB-4817F8617ECE}.Debug|x86.Build.0 = Debug|Any CPU
		{4DECF491-B24E-4535-BBDB-4817F8617ECE}.Release|Any CPU.ActiveCfg = Release|Any CPU
		{4DECF491-B24E-4535-BBDB-4817F8617ECE}.Release|Any CPU.Build.0 = Release|Any CPU
		{4DECF491-B24E-4535-BBDB-4817F8617ECE}.Release|ARM.ActiveCfg = Release|Any CPU
		{4DECF491-B24E-4535-BBDB-4817F8617ECE}.Release|ARM.Build.0 = Release|Any CPU
		{4DECF491-B24E-4535-BBDB-4817F8617ECE}.Release|ARM64.ActiveCfg = Release|Any CPU
		{4DECF491-B24E-4535-BBDB-4817F8617ECE}.Release|ARM64.Build.0 = Release|Any CPU
		{4DECF491-B24E-4535-BBDB-4817F8617ECE}.Release|x64.ActiveCfg = Release|Any CPU
		{4DECF491-B24E-4535-BBDB-4817F8617ECE}.Release|x64.Build.0 = Release|Any CPU
		{4DECF491-B24E-4535-BBDB-4817F8617ECE}.Release|x86.ActiveCfg = Release|Any CPU
		{4DECF491-B24E-4535-BBDB-4817F8617ECE}.Release|x86.Build.0 = Release|Any CPU
		{F722B7B3-0999-49FF-A1ED-03FF842AE9DF}.Debug|Any CPU.ActiveCfg = Debug|Any CPU
		{F722B7B3-0999-49FF-A1ED-03FF842AE9DF}.Debug|Any CPU.Build.0 = Debug|Any CPU
		{F722B7B3-0999-49FF-A1ED-03FF842AE9DF}.Debug|ARM.ActiveCfg = Debug|Any CPU
		{F722B7B3-0999-49FF-A1ED-03FF842AE9DF}.Debug|ARM.Build.0 = Debug|Any CPU
		{F722B7B3-0999-49FF-A1ED-03FF842AE9DF}.Debug|ARM64.ActiveCfg = Debug|Any CPU
		{F722B7B3-0999-49FF-A1ED-03FF842AE9DF}.Debug|ARM64.Build.0 = Debug|Any CPU
		{F722B7B3-0999-49FF-A1ED-03FF842AE9DF}.Debug|x64.ActiveCfg = Debug|Any CPU
		{F722B7B3-0999-49FF-A1ED-03FF842AE9DF}.Debug|x64.Build.0 = Debug|Any CPU
		{F722B7B3-0999-49FF-A1ED-03FF842AE9DF}.Debug|x86.ActiveCfg = Debug|Any CPU
		{F722B7B3-0999-49FF-A1ED-03FF842AE9DF}.Debug|x86.Build.0 = Debug|Any CPU
		{F722B7B3-0999-49FF-A1ED-03FF842AE9DF}.Release|Any CPU.ActiveCfg = Release|Any CPU
		{F722B7B3-0999-49FF-A1ED-03FF842AE9DF}.Release|Any CPU.Build.0 = Release|Any CPU
		{F722B7B3-0999-49FF-A1ED-03FF842AE9DF}.Release|ARM.ActiveCfg = Release|Any CPU
		{F722B7B3-0999-49FF-A1ED-03FF842AE9DF}.Release|ARM.Build.0 = Release|Any CPU
		{F722B7B3-0999-49FF-A1ED-03FF842AE9DF}.Release|ARM64.ActiveCfg = Release|Any CPU
		{F722B7B3-0999-49FF-A1ED-03FF842AE9DF}.Release|ARM64.Build.0 = Release|Any CPU
		{F722B7B3-0999-49FF-A1ED-03FF842AE9DF}.Release|x64.ActiveCfg = Release|Any CPU
		{F722B7B3-0999-49FF-A1ED-03FF842AE9DF}.Release|x64.Build.0 = Release|Any CPU
		{F722B7B3-0999-49FF-A1ED-03FF842AE9DF}.Release|x86.ActiveCfg = Release|Any CPU
		{F722B7B3-0999-49FF-A1ED-03FF842AE9DF}.Release|x86.Build.0 = Release|Any CPU
		{D46CD51D-FD5F-41DD-A0BA-541D2BD1196B}.Debug|Any CPU.ActiveCfg = Debug|Any CPU
		{D46CD51D-FD5F-41DD-A0BA-541D2BD1196B}.Debug|Any CPU.Build.0 = Debug|Any CPU
		{D46CD51D-FD5F-41DD-A0BA-541D2BD1196B}.Debug|Any CPU.Deploy.0 = Debug|Any CPU
		{D46CD51D-FD5F-41DD-A0BA-541D2BD1196B}.Debug|ARM.ActiveCfg = Debug|ARM
		{D46CD51D-FD5F-41DD-A0BA-541D2BD1196B}.Debug|ARM.Build.0 = Debug|ARM
		{D46CD51D-FD5F-41DD-A0BA-541D2BD1196B}.Debug|ARM.Deploy.0 = Debug|ARM
		{D46CD51D-FD5F-41DD-A0BA-541D2BD1196B}.Debug|ARM64.ActiveCfg = Debug|ARM64
		{D46CD51D-FD5F-41DD-A0BA-541D2BD1196B}.Debug|ARM64.Build.0 = Debug|ARM64
		{D46CD51D-FD5F-41DD-A0BA-541D2BD1196B}.Debug|ARM64.Deploy.0 = Debug|ARM64
		{D46CD51D-FD5F-41DD-A0BA-541D2BD1196B}.Debug|x64.ActiveCfg = Debug|x64
		{D46CD51D-FD5F-41DD-A0BA-541D2BD1196B}.Debug|x64.Build.0 = Debug|x64
		{D46CD51D-FD5F-41DD-A0BA-541D2BD1196B}.Debug|x64.Deploy.0 = Debug|x64
		{D46CD51D-FD5F-41DD-A0BA-541D2BD1196B}.Debug|x86.ActiveCfg = Debug|x86
		{D46CD51D-FD5F-41DD-A0BA-541D2BD1196B}.Debug|x86.Build.0 = Debug|x86
		{D46CD51D-FD5F-41DD-A0BA-541D2BD1196B}.Debug|x86.Deploy.0 = Debug|x86
		{D46CD51D-FD5F-41DD-A0BA-541D2BD1196B}.Release|Any CPU.ActiveCfg = Release|Any CPU
		{D46CD51D-FD5F-41DD-A0BA-541D2BD1196B}.Release|Any CPU.Build.0 = Release|Any CPU
		{D46CD51D-FD5F-41DD-A0BA-541D2BD1196B}.Release|Any CPU.Deploy.0 = Release|Any CPU
		{D46CD51D-FD5F-41DD-A0BA-541D2BD1196B}.Release|ARM.ActiveCfg = Release|ARM
		{D46CD51D-FD5F-41DD-A0BA-541D2BD1196B}.Release|ARM.Build.0 = Release|ARM
		{D46CD51D-FD5F-41DD-A0BA-541D2BD1196B}.Release|ARM.Deploy.0 = Release|ARM
		{D46CD51D-FD5F-41DD-A0BA-541D2BD1196B}.Release|ARM64.ActiveCfg = Release|ARM64
		{D46CD51D-FD5F-41DD-A0BA-541D2BD1196B}.Release|ARM64.Build.0 = Release|ARM64
		{D46CD51D-FD5F-41DD-A0BA-541D2BD1196B}.Release|ARM64.Deploy.0 = Release|ARM64
		{D46CD51D-FD5F-41DD-A0BA-541D2BD1196B}.Release|x64.ActiveCfg = Release|x64
		{D46CD51D-FD5F-41DD-A0BA-541D2BD1196B}.Release|x64.Build.0 = Release|x64
		{D46CD51D-FD5F-41DD-A0BA-541D2BD1196B}.Release|x64.Deploy.0 = Release|x64
		{D46CD51D-FD5F-41DD-A0BA-541D2BD1196B}.Release|x86.ActiveCfg = Release|x86
		{D46CD51D-FD5F-41DD-A0BA-541D2BD1196B}.Release|x86.Build.0 = Release|x86
		{D46CD51D-FD5F-41DD-A0BA-541D2BD1196B}.Release|x86.Deploy.0 = Release|x86
		{08F84E99-4F12-4259-A75F-CF2B5D222C90}.Debug|Any CPU.ActiveCfg = Debug|Any CPU
		{08F84E99-4F12-4259-A75F-CF2B5D222C90}.Debug|Any CPU.Build.0 = Debug|Any CPU
		{08F84E99-4F12-4259-A75F-CF2B5D222C90}.Debug|ARM.ActiveCfg = Debug|Any CPU
		{08F84E99-4F12-4259-A75F-CF2B5D222C90}.Debug|ARM.Build.0 = Debug|Any CPU
		{08F84E99-4F12-4259-A75F-CF2B5D222C90}.Debug|ARM64.ActiveCfg = Debug|Any CPU
		{08F84E99-4F12-4259-A75F-CF2B5D222C90}.Debug|ARM64.Build.0 = Debug|Any CPU
		{08F84E99-4F12-4259-A75F-CF2B5D222C90}.Debug|x64.ActiveCfg = Debug|Any CPU
		{08F84E99-4F12-4259-A75F-CF2B5D222C90}.Debug|x64.Build.0 = Debug|Any CPU
		{08F84E99-4F12-4259-A75F-CF2B5D222C90}.Debug|x86.ActiveCfg = Debug|Any CPU
		{08F84E99-4F12-4259-A75F-CF2B5D222C90}.Debug|x86.Build.0 = Debug|Any CPU
		{08F84E99-4F12-4259-A75F-CF2B5D222C90}.Release|Any CPU.ActiveCfg = Release|Any CPU
		{08F84E99-4F12-4259-A75F-CF2B5D222C90}.Release|Any CPU.Build.0 = Release|Any CPU
		{08F84E99-4F12-4259-A75F-CF2B5D222C90}.Release|ARM.ActiveCfg = Release|Any CPU
		{08F84E99-4F12-4259-A75F-CF2B5D222C90}.Release|ARM.Build.0 = Release|Any CPU
		{08F84E99-4F12-4259-A75F-CF2B5D222C90}.Release|ARM64.ActiveCfg = Release|Any CPU
		{08F84E99-4F12-4259-A75F-CF2B5D222C90}.Release|ARM64.Build.0 = Release|Any CPU
		{08F84E99-4F12-4259-A75F-CF2B5D222C90}.Release|x64.ActiveCfg = Release|Any CPU
		{08F84E99-4F12-4259-A75F-CF2B5D222C90}.Release|x64.Build.0 = Release|Any CPU
		{08F84E99-4F12-4259-A75F-CF2B5D222C90}.Release|x86.ActiveCfg = Release|Any CPU
		{08F84E99-4F12-4259-A75F-CF2B5D222C90}.Release|x86.Build.0 = Release|Any CPU
	EndGlobalSection
	GlobalSection(SolutionProperties) = preSolution
		HideSolutionNode = FALSE
	EndGlobalSection
	GlobalSection(ExtensibilityGlobals) = postSolution
		SolutionGuid = {BA57A1BE-135D-4432-89EC-FCD05DF723C4}
	EndGlobalSection
EndGlobal
